{
  "name": "intelacraft",
  "lockfileVersion": 3,
  "requires": true,
  "packages": {
    "": {
      "name": "intelacraft",
      "workspaces": [
        "apps/*",
        "packages/*",
        "services/*"
      ],
      "devDependencies": {
        "typescript": "^5.8.2"
      }
    },
    "apps/bedrock-addon": {
      "name": "@intelacraft/bedrock-addon",
      "dependencies": {
        "@intelacraft/shared-protocol": "*",
        "@minecraft/server": "2.9.0-beta.1.26.33-stable",
        "@minecraft/server-admin": "1.0.0-beta.1.26.33-stable",
        "@minecraft/server-net": "1.0.0-beta.1.26.33-stable",
        "@minecraft/server-ui": "2.2.0-beta.1.26.33-stable"
      },
      "devDependencies": {
        "esbuild": "^0.28.1",
        "typescript": "^5.8.2"
      }
    },
    "node_modules/@esbuild/win32-x64": {
      "version": "0.28.1",
      "resolved": "https://registry.npmjs.org/@esbuild/win32-x64/-/win32-x64-0.28.1.tgz",
      "integrity": "sha512-bm4Mowrv+GXMlpWX++EcXw/iLyd1o3+bJkC2DkWXYVvgZCqD/bSj9ctZeAMC3cIxgjRVR2Dufaiu4YPxr5gW1A==",
      "cpu": [
        "x64"
      ],
      "dev": true,
      "license": "MIT",
      "optional": true,
      "os": [
        "win32"
      ],
      "engines": {
        "node": ">=18"
      }
    },
    "node_modules/@intelacraft/bedrock-addon": {
      "resolved": "apps/bedrock-addon",
      "link": true
    },
    "node_modules/@intelacraft/controller": {
      "resolved": "services/controller",
      "link": true
    },
    "node_modules/@intelacraft/shared-protocol": {
      "resolved": "packages/shared-protocol",
      "link": true
    },
    "node_modules/@minecraft/server": {
      "version": "2.9.0-beta.1.26.33-stable",
      "resolved": "https://registry.npmjs.org/@minecraft/server/-/server-2.9.0-beta.1.26.33-stable.tgz",
      "integrity": "sha512-7SfTtqTEdvvnrSd9JsTBnOtcfE2SnwoH0rVBRVHUBXOJ+n/w25CvHHDnc9PHN84V8a4s+OR9nNe0xybmdLp5zA==",
      "license": "MIT",
      "peerDependencies": {
        "@minecraft/common": "^1.2.0",
        "@minecraft/vanilla-data": ">=1.20.70"
      }
    },
    "node_modules/@minecraft/server-admin": {
      "version": "1.0.0-beta.1.26.33-stable",
      "resolved": "https://registry.npmjs.org/@minecraft/server-admin/-/server-admin-1.0.0-beta.1.26.33-stable.tgz",
      "integrity": "sha512-MT8JX6uAJtmNR0a+4+fx2A/n4WvbNcL5nd5rLKbq//eWOIpWIR2X0pp+BfhMhlpF+iuKbkQf0RRrjSJ5xTGMzA==",
      "license": "MIT",
      "peerDependencies": {
        "@minecraft/common": "^1.0.0",
        "@minecraft/server": "^1.17.0 || ^2.0.0"
      }
    },
    "node_modules/@minecraft/server-net": {
      "version": "1.0.0-beta.1.26.33-stable",
      "resolved": "https://registry.npmjs.org/@minecraft/server-net/-/server-net-1.0.0-beta.1.26.33-stable.tgz",
      "integrity": "sha512-2Goq6mXMdfmkkNHf74GpDEYz/x8KEKTlMYQmh0C2GJrdaLPiHlx7mVYfl4vgDDA3Su/VxG5S8UjO77WycyCqSA==",
      "license": "MIT",
      "peerDependencies": {
        "@minecraft/common": "^1.0.0",
        "@minecraft/server": "^1.17.0 || ^2.0.0",
        "@minecraft/server-admin": "^1.0.0-beta.1.26.33-stable"
      }
    },
    "node_modules/@minecraft/server-ui": {
      "version": "2.2.0-beta.1.26.33-stable",
      "resolved": "https://registry.npmjs.org/@minecraft/server-ui/-/server-ui-2.2.0-beta.1.26.33-stable.tgz",
      "integrity": "sha512-scXcAIBeiCAHk9+HtkSKsQ+Y+xfYW4ixl5c8m+78GeEznFwcKzLr3n5/eapIlX4MosAVn4pYNKqrvLBzgihUtg==",
      "license": "MIT",
      "peerDependencies": {
        "@minecraft/common": "^1.0.0",
        "@minecraft/server": "^2.0.0 || ^2.9.0-beta.1.26.33-stable"
      }
    },
    "node_modules/@types/node": {
      "version": "22.20.1",
      "resolved": "https://registry.npmjs.org/@types/node/-/node-22.20.1.tgz",
      "integrity": "sha512-EANqOCF9QFyra+4pfxUcX9STKJpCLjMbObVzljIJomAWSnuSIEAvyzEU53GaajbXJEgdh0iEcPL+DGvpUd4k1Q==",
      "dev": true,
      "license": "MIT",
      "dependencies": {
        "undici-types": "~6.21.0"
      }
    },
    "node_modules/esbuild": {
      "version": "0.28.1",
      "resolved": "https://registry.npmjs.org/esbuild/-/esbuild-0.28.1.tgz",
      "integrity": "sha512-HrJrvZv5ayxBzPfwphOoNzkzOIIlifzk0KJrGK2c8R4+LKpMtpYLQeUdjnwjWv/LZlkH2laZk+4w78pi99D4Vw==",
      "dev": true,
      "hasInstallScript": true,
      "license": "MIT",
      "bin": {
        "esbuild": "bin/esbuild"
      },
      "engines": {
        "node": ">=18"
      },
      "optionalDependencies": {
        "@esbuild/aix-ppc64": "0.28.1",
        "@esbuild/android-arm": "0.28.1",
        "@esbuild/android-arm64": "0.28.1",
        "@esbuild/android-x64": "0.28.1",
        "@esbuild/darwin-arm64": "0.28.1",
        "@esbuild/darwin-x64": "0.28.1",
        "@esbuild/freebsd-arm64": "0.28.1",
        "@esbuild/freebsd-x64": "0.28.1",
        "@esbuild/linux-arm": "0.28.1",
        "@esbuild/linux-arm64": "0.28.1",
        "@esbuild/linux-ia32": "0.28.1",
        "@esbuild/linux-loong64": "0.28.1",
        "@esbuild/linux-mips64el": "0.28.1",
        "@esbuild/linux-ppc64": "0.28.1",
        "@esbuild/linux-riscv64": "0.28.1",
        "@esbuild/linux-s390x": "0.28.1",
        "@esbuild/linux-x64": "0.28.1",
        "@esbuild/netbsd-arm64": "0.28.1",
        "@esbuild/netbsd-x64": "0.28.1",
        "@esbuild/openbsd-arm64": "0.28.1",
        "@esbuild/openbsd-x64": "0.28.1",
        "@esbuild/openharmony-arm64": "0.28.1",
        "@esbuild/sunos-x64": "0.28.1",
        "@esbuild/win32-arm64": "0.28.1",
        "@esbuild/win32-ia32": "0.28.1",
        "@esbuild/win32-x64": "0.28.1"
      }
    },
    "node_modules/typescript": {
      "version": "5.9.3",
      "resolved": "https://registry.npmjs.org/typescript/-/typescript-5.9.3.tgz",
      "integrity": "sha512-jl1vZzPDinLr9eUt3J/t7V6FgNEw9QjvBPdysz9KfQDD41fQrC2Y4vKQdiaUpFT4bXlb1RHhLpp8wtm6M5TgSw==",
      "dev": true,
      "license": "Apache-2.0",
      "bin": {
        "tsc": "bin/tsc",
        "tsserver": "bin/tsserver"
      },
      "engines": {
        "node": ">=14.17"
      }
    },
    "node_modules/undici-types": {
      "version": "6.21.0",
      "resolved": "https://registry.npmjs.org/undici-types/-/undici-types-6.21.0.tgz",
      "integrity": "sha512-iwDZqg0QAGrg9Rav5H4n0M64c3mkR59cJ6wQp+7C4nI0gsmExaedaYLNO44eT4AtBBwjbTiGPMlt2Md0T9H9JQ==",
      "dev": true,
      "license": "MIT"
    },
    "packages/shared-protocol": {
      "name": "@intelacraft/shared-protocol",
      "version": "1.0.0",
      "devDependencies": {
        "@types/node": "^22.13.10",
        "typescript": "^5.8.2"
      }
    },
    "services/controller": {
      "name": "@intelacraft/controller",
      "version": "1.0.0",
      "dependencies": {
        "@intelacraft/shared-protocol": "*"
      },
      "devDependencies": {
        "@types/node": "^22.13.10",
        "typescript": "^5.8.2"
      }
    }
  }
}
